
Microsoft Visual Studio Solution File, Format Version 12.00
# Visual Studio 2013
VisualStudioVersion = 12.0.31101.0
MinimumVisualStudioVersion = 10.0.40219.1
Project("{FAE04EC0-301F-11D3-BF4B-00C04F79EFBC}") = "MVCTraning", "MVCTraning\MVCTraning.csproj", "{FA48F02C-D7BB-42D2-8C33-5A4F1F99AD48}"
EndProject
Global
	GlobalSection(SolutionConfigurationPlatforms) = preSolution
		Debug|Any CPU = Debug|Any CPU
		Release|Any CPU = Release|Any CPU
	EndGlobalSection
	GlobalSection(ProjectConfigurationPlatforms) = postSolution
		{FA48F02C-D7BB-42D2-8C33-5A4F1F99AD48}.Debug|Any CPU.ActiveCfg = Debug|Any CPU
		{FA48F02C-D7BB-42D2-8C33-5A4F1F99AD48}.Debug|Any CPU.Build.0 = Debug|Any CPU
		{FA48F02C-D7BB-42D2-8C33-5A4F1F99AD48}.Release|Any CPU.ActiveCfg = Release|Any CPU
		{FA48F02C-D7BB-42D2-8C33-5A4F1F99AD48}.Release|Any CPU.Build.0 = Release|Any CPU
	EndGlobalSection
	GlobalSection(SolutionProperties) = preSolution
		HideSolutionNode = FALSE
	EndGlobalSection
EndGlobal
